
Microsoft Visual Studio Solution File, Format Version 12.00
# Visual Studio Version 17
VisualStudioVersion = 17.8.34525.116
MinimumVisualStudioVersion = 10.0.40219.1
Project("{FAE04EC0-301F-11D3-BF4B-00C04F79EFBC}") = "Plataforma_Creditos", "Plataforma_Creditos\Plataforma_Creditos.csproj", "{90CBB756-9A9F-4BE6-A632-762044B2020A}"
EndProject
Project("{2150E333-8FDC-42A3-9474-1A3956D46DE8}") = "Permisos", "Permisos", "{91D1B766-8604-4DF6-B34C-27D3EBBB8088}"
EndProject
Global
	GlobalSection(SolutionConfigurationPlatforms) = preSolution
		Debug|Any CPU = Debug|Any CPU
		Release|Any CPU = Release|Any CPU
	EndGlobalSection
	GlobalSection(ProjectConfigurationPlatforms) = postSolution
		{90CBB756-9A9F-4BE6-A632-762044B2020A}.Debug|Any CPU.ActiveCfg = Debug|Any CPU
		{90CBB756-9A9F-4BE6-A632-762044B2020A}.Debug|Any CPU.Build.0 = Debug|Any CPU
		{90CBB756-9A9F-4BE6-A632-762044B2020A}.Release|Any CPU.ActiveCfg = Release|Any CPU
		{90CBB756-9A9F-4BE6-A632-762044B2020A}.Release|Any CPU.Build.0 = Release|Any CPU
	EndGlobalSection
	GlobalSection(SolutionProperties) = preSolution
		HideSolutionNode = FALSE
	EndGlobalSection
	GlobalSection(ExtensibilityGlobals) = postSolution
		SolutionGuid = {2BCD09F2-AE0A-4D63-AF49-9579B44CAA58}
	EndGlobalSection
EndGlobal
